
Microsoft Visual Studio Solution File, Format Version 12.00
# Visual Studio Version 17
VisualStudioVersion = 17.14.36401.2 d17.14
MinimumVisualStudioVersion = 10.0.40219.1
Project("{FAE04EC0-301F-11D3-BF4B-00C04F79EFBC}") = "JH200303Desafio2", "JH200303Desafio2\JH200303Desafio2.csproj", "{F690EAF1-511C-41D3-A3EA-D2B2140126F8}"
EndProject
Project("{FAE04EC0-301F-11D3-BF4B-00C04F79EFBC}") = "JH200303Desafio2.BL", "JH200303Desafio2.BL\JH200303Desafio2.BL.csproj", "{C973AD4B-E2A8-4E16-B7D7-36E0897FC226}"
EndProject
Project("{FAE04EC0-301F-11D3-BF4B-00C04F79EFBC}") = "JH200303Desafio2.Common", "JH200303Desafio2.Common\JH200303Desafio2.Common.csproj", "{87E0D2F5-FBB5-4BF3-B891-439F444C1EE6}"
EndProject
Project("{FAE04EC0-301F-11D3-BF4B-00C04F79EFBC}") = "JH200303Desafio2.DAL", "JH200303Desafio2.DAL\JH200303Desafio2.DAL.csproj", "{1BC0F86D-BB99-4E76-90E1-1313605CB37B}"
EndProject
Project("{FAE04EC0-301F-11D3-BF4B-00C04F79EFBC}") = "JH200303Desafio2.Entites", "JH200303Desafio2.Entites\JH200303Desafio2.Entites.csproj", "{2463199D-82E6-4487-AB6F-052B1C5D4C8B}"
EndProject
Global
	GlobalSection(SolutionConfigurationPlatforms) = preSolution
		Debug|Any CPU = Debug|Any CPU
		Release|Any CPU = Release|Any CPU
	EndGlobalSection
	GlobalSection(ProjectConfigurationPlatforms) = postSolution
		{F690EAF1-511C-41D3-A3EA-D2B2140126F8}.Debug|Any CPU.ActiveCfg = Debug|Any CPU
		{F690EAF1-511C-41D3-A3EA-D2B2140126F8}.Debug|Any CPU.Build.0 = Debug|Any CPU
		{F690EAF1-511C-41D3-A3EA-D2B2140126F8}.Release|Any CPU.ActiveCfg = Release|Any CPU
		{F690EAF1-511C-41D3-A3EA-D2B2140126F8}.Release|Any CPU.Build.0 = Release|Any CPU
		{C973AD4B-E2A8-4E16-B7D7-36E0897FC226}.Debug|Any CPU.ActiveCfg = Debug|Any CPU
		{C973AD4B-E2A8-4E16-B7D7-36E0897FC226}.Debug|Any CPU.Build.0 = Debug|Any CPU
		{C973AD4B-E2A8-4E16-B7D7-36E0897FC226}.Release|Any CPU.ActiveCfg = Release|Any CPU
		{C973AD4B-E2A8-4E16-B7D7-36E0897FC226}.Release|Any CPU.Build.0 = Release|Any CPU
		{87E0D2F5-FBB5-4BF3-B891-439F444C1EE6}.Debug|Any CPU.ActiveCfg = Debug|Any CPU
		{87E0D2F5-FBB5-4BF3-B891-439F444C1EE6}.Debug|Any CPU.Build.0 = Debug|Any CPU
		{87E0D2F5-FBB5-4BF3-B891-439F444C1EE6}.Release|Any CPU.ActiveCfg = Release|Any CPU
		{87E0D2F5-FBB5-4BF3-B891-439F444C1EE6}.Release|Any CPU.Build.0 = Release|Any CPU
		{1BC0F86D-BB99-4E76-90E1-1313605CB37B}.Debug|Any CPU.ActiveCfg = Debug|Any CPU
		{1BC0F86D-BB99-4E76-90E1-1313605CB37B}.Debug|Any CPU.Build.0 = Debug|Any CPU
		{1BC0F86D-BB99-4E76-90E1-1313605CB37B}.Release|Any CPU.ActiveCfg = Release|Any CPU
		{1BC0F86D-BB99-4E76-90E1-1313605CB37B}.Release|Any CPU.Build.0 = Release|Any CPU
		{2463199D-82E6-4487-AB6F-052B1C5D4C8B}.Debug|Any CPU.ActiveCfg = Debug|Any CPU
		{2463199D-82E6-4487-AB6F-052B1C5D4C8B}.Debug|Any CPU.Build.0 = Debug|Any CPU
		{2463199D-82E6-4487-AB6F-052B1C5D4C8B}.Release|Any CPU.ActiveCfg = Release|Any CPU
		{2463199D-82E6-4487-AB6F-052B1C5D4C8B}.Release|Any CPU.Build.0 = Release|Any CPU
	EndGlobalSection
	GlobalSection(SolutionProperties) = preSolution
		HideSolutionNode = FALSE
	EndGlobalSection
	GlobalSection(ExtensibilityGlobals) = postSolution
		SolutionGuid = {C07A2FE7-6DF9-408A-BDA9-8D26650D6F91}
	EndGlobalSection
EndGlobal
